
Microsoft Visual Studio Solution File, Format Version 12.00
# Visual Studio 15
VisualStudioVersion = 15.0.27130.2003
MinimumVisualStudioVersion = 10.0.40219.1
Project("{FAE04EC0-301F-11D3-BF4B-00C04F79EFBC}") = "BetterDeal", "BetterDeal\BetterDeal.csproj", "{423DB8D7-70B6-427C-9727-6160B88A1FED}"
EndProject
Project("{FAE04EC0-301F-11D3-BF4B-00C04F79EFBC}") = "Model", "Model\Model.csproj", "{48DC1CD5-C0B7-45C4-8124-419D75272650}"
EndProject
Project("{FAE04EC0-301F-11D3-BF4B-00C04F79EFBC}") = "WebApplicationBetterDeal", "WebApplicationBetterDeal\WebApplicationBetterDeal.csproj", "{F0D93E40-7FC2-4539-BE67-0E5CE0558858}"
EndProject
Global
	GlobalSection(SolutionConfigurationPlatforms) = preSolution
		Debug|Any CPU = Debug|Any CPU
		Debug|ARM = Debug|ARM
		Debug|x64 = Debug|x64
		Debug|x86 = Debug|x86
		Release|Any CPU = Release|Any CPU
		Release|ARM = Release|ARM
		Release|x64 = Release|x64
		Release|x86 = Release|x86
	EndGlobalSection
	GlobalSection(ProjectConfigurationPlatforms) = postSolution
		{423DB8D7-70B6-427C-9727-6160B88A1FED}.Debug|Any CPU.ActiveCfg = Debug|x86
		{423DB8D7-70B6-427C-9727-6160B88A1FED}.Debug|ARM.ActiveCfg = Debug|ARM
		{423DB8D7-70B6-427C-9727-6160B88A1FED}.Debug|ARM.Build.0 = Debug|ARM
		{423DB8D7-70B6-427C-9727-6160B88A1FED}.Debug|ARM.Deploy.0 = Debug|ARM
		{423DB8D7-70B6-427C-9727-6160B88A1FED}.Debug|x64.ActiveCfg = Debug|x64
		{423DB8D7-70B6-427C-9727-6160B88A1FED}.Debug|x64.Build.0 = Debug|x64
		{423DB8D7-70B6-427C-9727-6160B88A1FED}.Debug|x64.Deploy.0 = Debug|x64
		{423DB8D7-70B6-427C-9727-6160B88A1FED}.Debug|x86.ActiveCfg = Debug|x86
		{423DB8D7-70B6-427C-9727-6160B88A1FED}.Debug|x86.Build.0 = Debug|x86
		{423DB8D7-70B6-427C-9727-6160B88A1FED}.Debug|x86.Deploy.0 = Debug|x86
		{423DB8D7-70B6-427C-9727-6160B88A1FED}.Release|Any CPU.ActiveCfg = Release|x86
		{423DB8D7-70B6-427C-9727-6160B88A1FED}.Release|ARM.ActiveCfg = Release|ARM
		{423DB8D7-70B6-427C-9727-6160B88A1FED}.Release|ARM.Build.0 = Release|ARM
		{423DB8D7-70B6-427C-9727-6160B88A1FED}.Release|ARM.Deploy.0 = Release|ARM
		{423DB8D7-70B6-427C-9727-6160B88A1FED}.Release|x64.ActiveCfg = Release|x64
		{423DB8D7-70B6-427C-9727-6160B88A1FED}.Release|x64.Build.0 = Release|x64
		{423DB8D7-70B6-427C-9727-6160B88A1FED}.Release|x64.Deploy.0 = Release|x64
		{423DB8D7-70B6-427C-9727-6160B88A1FED}.Release|x86.ActiveCfg = Release|x86
		{423DB8D7-70B6-427C-9727-6160B88A1FED}.Release|x86.Build.0 = Release|x86
		{423DB8D7-70B6-427C-9727-6160B88A1FED}.Release|x86.Deploy.0 = Release|x86
		{48DC1CD5-C0B7-45C4-8124-419D75272650}.Debug|Any CPU.ActiveCfg = Debug|Any CPU
		{48DC1CD5-C0B7-45C4-8124-419D75272650}.Debug|Any CPU.Build.0 = Debug|Any CPU
		{48DC1CD5-C0B7-45C4-8124-419D75272650}.Debug|ARM.ActiveCfg = Debug|ARM
		{48DC1CD5-C0B7-45C4-8124-419D75272650}.Debug|ARM.Build.0 = Debug|ARM
		{48DC1CD5-C0B7-45C4-8124-419D75272650}.Debug|x64.ActiveCfg = Debug|x64
		{48DC1CD5-C0B7-45C4-8124-419D75272650}.Debug|x64.Build.0 = Debug|x64
		{48DC1CD5-C0B7-45C4-8124-419D75272650}.Debug|x86.ActiveCfg = Debug|x86
		{48DC1CD5-C0B7-45C4-8124-419D75272650}.Debug|x86.Build.0 = Debug|x86
		{48DC1CD5-C0B7-45C4-8124-419D75272650}.Release|Any CPU.ActiveCfg = Release|Any CPU
		{48DC1CD5-C0B7-45C4-8124-419D75272650}.Release|Any CPU.Build.0 = Release|Any CPU
		{48DC1CD5-C0B7-45C4-8124-419D75272650}.Release|ARM.ActiveCfg = Release|ARM
		{48DC1CD5-C0B7-45C4-8124-419D75272650}.Release|ARM.Build.0 = Release|ARM
		{48DC1CD5-C0B7-45C4-8124-419D75272650}.Release|x64.ActiveCfg = Release|x64
		{48DC1CD5-C0B7-45C4-8124-419D75272650}.Release|x64.Build.0 = Release|x64
		{48DC1CD5-C0B7-45C4-8124-419D75272650}.Release|x86.ActiveCfg = Release|x86
		{48DC1CD5-C0B7-45C4-8124-419D75272650}.Release|x86.Build.0 = Release|x86
		{F0D93E40-7FC2-4539-BE67-0E5CE0558858}.Debug|Any CPU.ActiveCfg = Debug|Any CPU
		{F0D93E40-7FC2-4539-BE67-0E5CE0558858}.Debug|Any CPU.Build.0 = Debug|Any CPU
		{F0D93E40-7FC2-4539-BE67-0E5CE0558858}.Debug|ARM.ActiveCfg = Debug|Any CPU
		{F0D93E40-7FC2-4539-BE67-0E5CE0558858}.Debug|ARM.Build.0 = Debug|Any CPU
		{F0D93E40-7FC2-4539-BE67-0E5CE0558858}.Debug|x64.ActiveCfg = Debug|Any CPU
		{F0D93E40-7FC2-4539-BE67-0E5CE0558858}.Debug|x64.Build.0 = Debug|Any CPU
		{F0D93E40-7FC2-4539-BE67-0E5CE0558858}.Debug|x86.ActiveCfg = Debug|Any CPU
		{F0D93E40-7FC2-4539-BE67-0E5CE0558858}.Debug|x86.Build.0 = Debug|Any CPU
		{F0D93E40-7FC2-4539-BE67-0E5CE0558858}.Release|Any CPU.ActiveCfg = Release|Any CPU
		{F0D93E40-7FC2-4539-BE67-0E5CE0558858}.Release|Any CPU.Build.0 = Release|Any CPU
		{F0D93E40-7FC2-4539-BE67-0E5CE0558858}.Release|ARM.ActiveCfg = Release|Any CPU
		{F0D93E40-7FC2-4539-BE67-0E5CE0558858}.Release|ARM.Build.0 = Release|Any CPU
		{F0D93E40-7FC2-4539-BE67-0E5CE0558858}.Release|x64.ActiveCfg = Release|Any CPU
		{F0D93E40-7FC2-4539-BE67-0E5CE0558858}.Release|x64.Build.0 = Release|Any CPU
		{F0D93E40-7FC2-4539-BE67-0E5CE0558858}.Release|x86.ActiveCfg = Release|Any CPU
		{F0D93E40-7FC2-4539-BE67-0E5CE0558858}.Release|x86.Build.0 = Release|Any CPU
	EndGlobalSection
	GlobalSection(SolutionProperties) = preSolution
		HideSolutionNode = FALSE
	EndGlobalSection
	GlobalSection(ExtensibilityGlobals) = postSolution
		SolutionGuid = {981C9032-B8F5-40AF-9548-3C5DDC50CA55}
	EndGlobalSection
EndGlobal
